{
  "contracts/hook-master-pkg/lib/Compose": {
    "rev": "aa83c00c8d84459678b3bb9d6af93c8d06381d61"
  },
  "contracts/hook-master-pkg/lib/forge-std": {
    "rev": "7117c90c8cf6c68e5acce4f09a6b24715cea4de6"
  },
  "lib/Compose": {
    "branch": {
      "name": "main",
      "rev": "f88a157863425359d890f6a57a3f321c3cc19700"
    }
  }
}