{
  "../../lib/Compose": {
    "rev": "6e73f49fa3b0a77ef192e25bb787952ce639c819"
  },
  "../../lib/compose-extensions": {
    "rev": "5a6907179ec47e4301137199c0b0b4ca8049a83a"
  },
  "../../lib/euler-vault-kit": {
    "rev": "5b98b42048ba11ae82fb62dfec06d1010c8e41e6"
  },
  "../../lib/forge-std": {
    "rev": "8e40513d678f392f398620b3ef2b418648b33e89"
  },
  "../../lib/solidity-lib": {
    "rev": "d0c6c303a49c52be5f3f77742d7616847a601d62"
  },
  "lib/Compose": {
    "rev": "216d807501e126d123255689da544ee8f77ff75d"
  },
  "lib/compose-extensions": {
    "rev": "ff45918690fc4eb28ae4762e8dd2471b043989d6"
  },
  "lib/forge-std": {
    "rev": "7117c90c8cf6c68e5acce4f09a6b24715cea4de6"
  },
  "lib/foundry-devops": {
    "tag": {
      "name": "0.4.0",
      "rev": "efff097a87e70c3d15661c9f2a2daeae0b33d5d5"
    }
  }
}